<?xml version="1.0" encoding="utf-8"?>
<Project ToolsVersion="4.0" xmlns="http://schemas.microsoft.com/developer/msbuild/2003">
  <ItemGroup>
    <ClCompile Include="App.cpp">
      <Filter>Source</Filter>
    </ClCompile>
    <ClCompile Include="LoginFrame.cpp">
      <Filter>Source</Filter>
    </ClCompile>
    <ClCompile Include="MainFrame.cpp">
      <Filter>Source</Filter>
    </ClCompile>
    <ClCompile Include="MySQLConnectionManager.h">
      <Filter>Header</Filter>
    </ClCompile>
    <ClCompile Include="SignUpFrame.cpp">
      <Filter>Source</Filter>
    </ClCompile>
  </ItemGroup>
  <ItemGroup>
    <ClInclude Include="App.h">
      <Filter>Header</Filter>
    </ClInclude>
    <ClInclude Include="CodeVaultDataStructs.h">
      <Filter>Header</Filter>
    </ClInclude>
    <ClInclude Include="CVCustomControls.h">
      <Filter>Header</Filter>
    </ClInclude>
    <ClInclude Include="CVGradientPanel.h">
      <Filter>Header</Filter>
    </ClInclude>
    <ClInclude Include="loginFrame.h">
      <Filter>Header</Filter>
    </ClInclude>
    <ClInclude Include="MainFrame.h">
      <Filter>Header</Filter>
    </ClInclude>
    <ClInclude Include="SignUpFrame.h">
      <Filter>Header</Filter>
    </ClInclude>
  </ItemGroup>
  <ItemGroup>
    <Filter Include="Source">
      <UniqueIdentifier>{4f179673-2366-47db-9cda-d1e0aab40392}</UniqueIdentifier>
    </Filter>
    <Filter Include="Header">
      <UniqueIdentifier>{dd0dff56-af43-420d-8a36-9445bfdaad75}</UniqueIdentifier>
    </Filter>
  </ItemGroup>
</Project>